
Microsoft Visual Studio Solution File, Format Version 12.00
# Visual Studio Version 17
VisualStudioVersion = 17.2.32516.85
MinimumVisualStudioVersion = 10.0.40219.1
Project("{FAE04EC0-301F-11D3-BF4B-00C04F79EFBC}") = "GoogleAuthentication", "GoogleAuthentication\GoogleAuthentication.csproj", "{6738956C-CF4A-421A-9A00-A1FB8794270C}"
EndProject
Global
	GlobalSection(SolutionConfigurationPlatforms) = preSolution
		Debug|Any CPU = Debug|Any CPU
		Release|Any CPU = Release|Any CPU
	EndGlobalSection
	GlobalSection(ProjectConfigurationPlatforms) = postSolution
		{6738956C-CF4A-421A-9A00-A1FB8794270C}.Debug|Any CPU.ActiveCfg = Debug|Any CPU
		{6738956C-CF4A-421A-9A00-A1FB8794270C}.Debug|Any CPU.Build.0 = Debug|Any CPU
		{6738956C-CF4A-421A-9A00-A1FB8794270C}.Release|Any CPU.ActiveCfg = Release|Any CPU
		{6738956C-CF4A-421A-9A00-A1FB8794270C}.Release|Any CPU.Build.0 = Release|Any CPU
	EndGlobalSection
	GlobalSection(SolutionProperties) = preSolution
		HideSolutionNode = FALSE
	EndGlobalSection
	GlobalSection(ExtensibilityGlobals) = postSolution
		SolutionGuid = {B671F6BF-AEC1-40BE-814A-67248CAF6A0A}
	EndGlobalSection
EndGlobal
